Microsoft Visual Studio Solution File, Format Version 11.00
# Visual Studio 2008

Project("{3030564A-510C-AB6A-2D6E-E07102486FB0}") = "VR Scene", "Assembly-CSharp.csproj", "{AA3B17ED-82D9-B8E5-A018-C61A11E6ACE9}"
EndProject
Project("{3030564A-510C-AB6A-2D6E-E07102486FB0}") = "VR Scene", "Assembly-CSharp-Editor.csproj", "{FA8553A0-DB8B-DF71-9CE3-F9F12A54327C}"
EndProject
Global
	GlobalSection(SolutionConfigurationPlatforms) = preSolution
		Debug|Any CPU = Debug|Any CPU
		Release|Any CPU = Release|Any CPU
	EndGlobalSection
	GlobalSection(ProjectConfigurationPlatforms) = postSolution
		{AA3B17ED-82D9-B8E5-A018-C61A11E6ACE9}.Debug|Any CPU.ActiveCfg = Debug|Any CPU
		{AA3B17ED-82D9-B8E5-A018-C61A11E6ACE9}.Debug|Any CPU.Build.0 = Debug|Any CPU
		{AA3B17ED-82D9-B8E5-A018-C61A11E6ACE9}.Release|Any CPU.ActiveCfg = Release|Any CPU
		{AA3B17ED-82D9-B8E5-A018-C61A11E6ACE9}.Release|Any CPU.Build.0 = Release|Any CPU
		{FA8553A0-DB8B-DF71-9CE3-F9F12A54327C}.Debug|Any CPU.ActiveCfg = Debug|Any CPU
		{FA8553A0-DB8B-DF71-9CE3-F9F12A54327C}.Debug|Any CPU.Build.0 = Debug|Any CPU
		{FA8553A0-DB8B-DF71-9CE3-F9F12A54327C}.Release|Any CPU.ActiveCfg = Release|Any CPU
		{FA8553A0-DB8B-DF71-9CE3-F9F12A54327C}.Release|Any CPU.Build.0 = Release|Any CPU
	EndGlobalSection
	GlobalSection(SolutionProperties) = preSolution
		HideSolutionNode = FALSE
	EndGlobalSection
	GlobalSection(MonoDevelopProperties) = preSolution
		StartupItem = Assembly-CSharp.csproj
	EndGlobalSection
EndGlobal
